langcode: en
status: true
dependencies:
  content:
    - 'block_content:basic:1c7e9c7b-b0c8-4fcf-a218-68eaa1a13f47'
  module:
    - block_content
  theme:
    - scib
id: footerblankblock
theme: scib
region: footer
weight: 0
provider: null
plugin: 'block_content:1c7e9c7b-b0c8-4fcf-a218-68eaa1a13f47'
settings:
  id: 'block_content:1c7e9c7b-b0c8-4fcf-a218-68eaa1a13f47'
  label: 'Footer Blank block'
  provider: block_content
  label_display: '0'
  status: true
  info: ''
  view_mode: full
visibility: {  }
